// !$*UTF8*$!
{
	archiveVersion = 1;
	classes = {
	};
	objectVersion = 77;
	objects = {

/* Begin PBXFileReference section */
		5BCC542A2F3D1E6000BE5CD4 /* 1.swift */ = {isa = PBXFileReference; lastKnownFileType = sourcecode.swift; path = 1.swift; sourceTree = "<group>"; };
		5BCC542B2F3D1EB200BE5CD4 /* 2.swift */ = {isa = PBXFileReference; lastKnownFileType = sourcecode.swift; path = 2.swift; sourceTree = "<group>"; };
		5BCC542C2F3D1EFF00BE5CD4 /* 3.swift */ = {isa = PBXFileReference; lastKnownFileType = sourcecode.swift; path = 3.swift; sourceTree = "<group>"; };
		5BCC542D2F3D1F2A00BE5CD4 /* 4.swift */ = {isa = PBXFileReference; lastKnownFileType = sourcecode.swift; path = 4.swift; sourceTree = "<group>"; };
		5BCC542E2F3D1F5100BE5CD4 /* 5.swift */ = {isa = PBXFileReference; lastKnownFileType = sourcecode.swift; path = 5.swift; sourceTree = "<group>"; };
/* End PBXFileReference section */

/* Begin PBXGroup section */
		5B173CF72F21327E00B08466 = {
			isa = PBXGroup;
			children = (
				5BCC542A2F3D1E6000BE5CD4 /* 1.swift */,
				5BCC542B2F3D1EB200BE5CD4 /* 2.swift */,
				5BCC542C2F3D1EFF00BE5CD4 /* 3.swift */,
				5BCC542D2F3D1F2A00BE5CD4 /* 4.swift */,
				5BCC542E2F3D1F5100BE5CD4 /* 5.swift */,
			);
			sourceTree = "<group>";
		};
/* End PBXGroup section */

/* Begin PBXProject section */
		5B173CF82F21327E00B08466 /* Project object */ = {
			isa = PBXProject;
			attributes = {
				BuildIndependentTargetsInParallel = 1;
				LastUpgradeCheck = 2600;
			};
			buildConfigurationList = 5B173CFB2F21327E00B08466 /* Build configuration list for PBXProject "1" */;
			developmentRegion = en;
			hasScannedForEncodings = 0;
			knownRegions = (
				en,
				Base,
			);
			mainGroup = 5B173CF72F21327E00B08466;
			minimizedProjectReferenceProxies = 1;
			preferredProjectObjectVersion = 77;
			projectDirPath = "";
			projectRoot = "";
			targets = (
			);
		};
/* End PBXProject section */

/* Begin XCBuildConfiguration section */
		5B173CFC2F21327E00B08466 /* Debug */ = {
			isa = XCBuildConfiguration;
			buildSettings = {
			};
			name = Debug;
		};
		5B173CFD2F21327E00B08466 /* Release */ = {
			isa = XCBuildConfiguration;
			buildSettings = {
			};
			name = Release;
		};
/* End XCBuildConfiguration section */

/* Begin XCConfigurationList section */
		5B173CFB2F21327E00B08466 /* Build configuration list for PBXProject "1" */ = {
			isa = XCConfigurationList;
			buildConfigurations = (
				5B173CFC2F21327E00B08466 /* Debug */,
				5B173CFD2F21327E00B08466 /* Release */,
			);
			defaultConfigurationIsVisible = 0;
			defaultConfigurationName = Release;
		};
/* End XCConfigurationList section */
	};
	rootObject = 5B173CF82F21327E00B08466 /* Project object */;
}
